
Microsoft Visual Studio Solution File, Format Version 12.00
# Visual Studio Version 16
VisualStudioVersion = 16.0.31410.357
MinimumVisualStudioVersion = 10.0.40219.1
Project("{FAE04EC0-301F-11D3-BF4B-00C04F79EFBC}") = "LINQ", "LINQ\LINQ.csproj", "{A64E276D-B634-49E8-88ED-C00D86F54EB7}"
EndProject
Global
	GlobalSection(SolutionConfigurationPlatforms) = preSolution
		Debug|Any CPU = Debug|Any CPU
		Release|Any CPU = Release|Any CPU
	EndGlobalSection
	GlobalSection(ProjectConfigurationPlatforms) = postSolution
		{A64E276D-B634-49E8-88ED-C00D86F54EB7}.Debug|Any CPU.ActiveCfg = Debug|Any CPU
		{A64E276D-B634-49E8-88ED-C00D86F54EB7}.Debug|Any CPU.Build.0 = Debug|Any CPU
		{A64E276D-B634-49E8-88ED-C00D86F54EB7}.Release|Any CPU.ActiveCfg = Release|Any CPU
		{A64E276D-B634-49E8-88ED-C00D86F54EB7}.Release|Any CPU.Build.0 = Release|Any CPU
	EndGlobalSection
	GlobalSection(SolutionProperties) = preSolution
		HideSolutionNode = FALSE
	EndGlobalSection
	GlobalSection(ExtensibilityGlobals) = postSolution
		SolutionGuid = {4878602D-F50E-4644-822A-91FCCC359403}
	EndGlobalSection
EndGlobal
